
Microsoft Visual Studio Solution File, Format Version 12.00
# Visual Studio Version 17
VisualStudioVersion = 17.8.34330.188
MinimumVisualStudioVersion = 10.0.40219.1
Project("{FAE04EC0-301F-11D3-BF4B-00C04F79EFBC}") = "MyWebApiApp", "MyWebApiApp\MyWebApiApp.csproj", "{0523FC36-0641-4CB4-B3B8-1A68EE226E92}"
EndProject
Global
	GlobalSection(SolutionConfigurationPlatforms) = preSolution
		Debug|Any CPU = Debug|Any CPU
		Release|Any CPU = Release|Any CPU
	EndGlobalSection
	GlobalSection(ProjectConfigurationPlatforms) = postSolution
		{0523FC36-0641-4CB4-B3B8-1A68EE226E92}.Debug|Any CPU.ActiveCfg = Debug|Any CPU
		{0523FC36-0641-4CB4-B3B8-1A68EE226E92}.Debug|Any CPU.Build.0 = Debug|Any CPU
		{0523FC36-0641-4CB4-B3B8-1A68EE226E92}.Release|Any CPU.ActiveCfg = Release|Any CPU
		{0523FC36-0641-4CB4-B3B8-1A68EE226E92}.Release|Any CPU.Build.0 = Release|Any CPU
	EndGlobalSection
	GlobalSection(SolutionProperties) = preSolution
		HideSolutionNode = FALSE
	EndGlobalSection
	GlobalSection(ExtensibilityGlobals) = postSolution
		SolutionGuid = {854BDE1F-A7C0-4A95-A7C3-5086F9B3D89C}
	EndGlobalSection
EndGlobal
